
Microsoft Visual Studio Solution File, Format Version 10.00
# Visual Studio 2008
Project("{8BC9CEB8-8B4A-11D0-8D11-00A0C91BC942}") = "xVolPlus", "xVolPlus\xVolPlus.vcproj", "{C99A3AAB-AA7A-4365-ADF0-3F375006B1EF}"
EndProject
Global
	GlobalSection(SolutionConfigurationPlatforms) = preSolution
		Debug|Win32 = Debug|Win32
		Release|Win32 = Release|Win32
	EndGlobalSection
	GlobalSection(ProjectConfigurationPlatforms) = postSolution
		{C99A3AAB-AA7A-4365-ADF0-3F375006B1EF}.Debug|Win32.ActiveCfg = Debug|Win32
		{C99A3AAB-AA7A-4365-ADF0-3F375006B1EF}.Debug|Win32.Build.0 = Debug|Win32
		{C99A3AAB-AA7A-4365-ADF0-3F375006B1EF}.Release|Win32.ActiveCfg = Release|Win32
		{C99A3AAB-AA7A-4365-ADF0-3F375006B1EF}.Release|Win32.Build.0 = Release|Win32
	EndGlobalSection
	GlobalSection(SolutionProperties) = preSolution
		HideSolutionNode = FALSE
	EndGlobalSection
EndGlobal
